
Microsoft Visual Studio Solution File, Format Version 12.00
# Visual Studio 2012
Project("{FAE04EC0-301F-11D3-BF4B-00C04F79EFBC}") = "StockSubscriber", "WpfApplication1\StockSubscriber.csproj", "{0C659D80-9DD7-49B9-B9F3-198E99748F7C}"
EndProject
Global
	GlobalSection(SolutionConfigurationPlatforms) = preSolution
		Debug|Any CPU = Debug|Any CPU
		Release|Any CPU = Release|Any CPU
	EndGlobalSection
	GlobalSection(ProjectConfigurationPlatforms) = postSolution
		{0C659D80-9DD7-49B9-B9F3-198E99748F7C}.Debug|Any CPU.ActiveCfg = Debug|Any CPU
		{0C659D80-9DD7-49B9-B9F3-198E99748F7C}.Debug|Any CPU.Build.0 = Debug|Any CPU
		{0C659D80-9DD7-49B9-B9F3-198E99748F7C}.Release|Any CPU.ActiveCfg = Release|Any CPU
		{0C659D80-9DD7-49B9-B9F3-198E99748F7C}.Release|Any CPU.Build.0 = Release|Any CPU
	EndGlobalSection
	GlobalSection(SolutionProperties) = preSolution
		HideSolutionNode = FALSE
	EndGlobalSection
EndGlobal
